
Microsoft Visual Studio Solution File, Format Version 12.00
# Visual Studio Version 17
VisualStudioVersion = 17.8.34601.278
MinimumVisualStudioVersion = 10.0.40219.1
Project("{FAE04EC0-301F-11D3-BF4B-00C04F79EFBC}") = "Manufacturing_Society_App", "Manufacturing_Society_App.csproj", "{185D629D-8890-4DDA-B9EA-F64DD31F875F}"
EndProject
Global
	GlobalSection(SolutionConfigurationPlatforms) = preSolution
		Debug|Any CPU = Debug|Any CPU
		Release|Any CPU = Release|Any CPU
	EndGlobalSection
	GlobalSection(ProjectConfigurationPlatforms) = postSolution
		{185D629D-8890-4DDA-B9EA-F64DD31F875F}.Debug|Any CPU.ActiveCfg = Debug|Any CPU
		{185D629D-8890-4DDA-B9EA-F64DD31F875F}.Debug|Any CPU.Build.0 = Debug|Any CPU
		{185D629D-8890-4DDA-B9EA-F64DD31F875F}.Debug|Any CPU.Deploy.0 = Debug|Any CPU
		{185D629D-8890-4DDA-B9EA-F64DD31F875F}.Release|Any CPU.ActiveCfg = Release|Any CPU
		{185D629D-8890-4DDA-B9EA-F64DD31F875F}.Release|Any CPU.Build.0 = Release|Any CPU
		{185D629D-8890-4DDA-B9EA-F64DD31F875F}.Release|Any CPU.Deploy.0 = Release|Any CPU
	EndGlobalSection
	GlobalSection(SolutionProperties) = preSolution
		HideSolutionNode = FALSE
	EndGlobalSection
	GlobalSection(ExtensibilityGlobals) = postSolution
		SolutionGuid = {9A8AE4F4-50FC-4458-9185-AE977FBD01BF}
	EndGlobalSection
EndGlobal
